// !$*UTF8*$!
{
	archiveVersion = 1;
	classes = {
	};
	objectVersion = 44;
	objects = {

/* Begin PBXBuildFile section */
		0091D8F90E81B9330029341E /* OpenGL.framework in Frameworks */ = {isa = PBXBuildFile; fileRef = 0091D8F80E81B9330029341E /* OpenGL.framework */; };
		0097E3E50F3E9819005A4392 /* QuickTime.framework in Frameworks */ = {isa = PBXBuildFile; fileRef = 0097E3E40F3E9819005A4392 /* QuickTime.framework */; };
		00B784B30FF439BC000DE1D7 /* Accelerate.framework in Frameworks */ = {isa = PBXBuildFile; fileRef = 00B784AF0FF439BC000DE1D7 /* Accelerate.framework */; };
		00B784B40FF439BC000DE1D7 /* AudioToolbox.framework in Frameworks */ = {isa = PBXBuildFile; fileRef = 00B784B00FF439BC000DE1D7 /* AudioToolbox.framework */; };
		00B784B50FF439BC000DE1D7 /* AudioUnit.framework in Frameworks */ = {isa = PBXBuildFile; fileRef = 00B784B10FF439BC000DE1D7 /* AudioUnit.framework */; };
		00B784B60FF439BC000DE1D7 /* CoreAudio.framework in Frameworks */ = {isa = PBXBuildFile; fileRef = 00B784B20FF439BC000DE1D7 /* CoreAudio.framework */; };
		00BAE65A0E7ED9C10018A608 /* EightBitApp.cpp in Sources */ = {isa = PBXBuildFile; fileRef = 00BAE6590E7ED9C10018A608 /* EightBitApp.cpp */; };
		00CCAF15116A9FEE008396D5 /* CinderApp.icns in Resources */ = {isa = PBXBuildFile; fileRef = 00CCAF14116A9FEE008396D5 /* CinderApp.icns */; };
		5323E6B20EAFCA74003A9687 /* CoreVideo.framework in Frameworks */ = {isa = PBXBuildFile; fileRef = 5323E6B10EAFCA74003A9687 /* CoreVideo.framework */; };
		5323E6B60EAFCA7E003A9687 /* QTKit.framework in Frameworks */ = {isa = PBXBuildFile; fileRef = 5323E6B50EAFCA7E003A9687 /* QTKit.framework */; };
		53E3CDFC0E86099300238D2B /* Carbon.framework in Frameworks */ = {isa = PBXBuildFile; fileRef = 53E3CDFB0E86099300238D2B /* Carbon.framework */; };
		5AA8D9881680A7CE008EEF83 /* shader.frag in Sources */ = {isa = PBXBuildFile; fileRef = 5AA8D9861680A7CE008EEF83 /* shader.frag */; };
		5AA8D98B1680A7DE008EEF83 /* shader.frag in Resources */ = {isa = PBXBuildFile; fileRef = 5AA8D9861680A7CE008EEF83 /* shader.frag */; };
		5AA8D99C16813325008EEF83 /* earth.png in Resources */ = {isa = PBXBuildFile; fileRef = 5AA8D99B16813325008EEF83 /* earth.png */; };
		5AA8D99E1681376F008EEF83 /* background.jpg in Resources */ = {isa = PBXBuildFile; fileRef = 5AA8D99D1681376F008EEF83 /* background.jpg */; };
		5AA8D9AB1681491A008EEF83 /* Input.cpp in Sources */ = {isa = PBXBuildFile; fileRef = 5AA8D9A31681491A008EEF83 /* Input.cpp */; };
		5AA8D9AD1681491A008EEF83 /* Node.cpp in Sources */ = {isa = PBXBuildFile; fileRef = 5AA8D9A71681491A008EEF83 /* Node.cpp */; };
		5AA8D9B116814959008EEF83 /* Camera.cpp in Sources */ = {isa = PBXBuildFile; fileRef = 5AA8D9AF16814959008EEF83 /* Camera.cpp */; };
		5AA8D9B916814F1F008EEF83 /* shader_lit.frag in Sources */ = {isa = PBXBuildFile; fileRef = 5AA8D9B716814F1F008EEF83 /* shader_lit.frag */; };
		5AA8D9BB16814F94008EEF83 /* shader_lit.frag in Resources */ = {isa = PBXBuildFile; fileRef = 5AA8D9B716814F1F008EEF83 /* shader_lit.frag */; };
		5AA8D9BF16815315008EEF83 /* depthmap.frag in Sources */ = {isa = PBXBuildFile; fileRef = 5AA8D9BD16815315008EEF83 /* depthmap.frag */; };
		5AA8D9C016815315008EEF83 /* depthmap.vert in Sources */ = {isa = PBXBuildFile; fileRef = 5AA8D9BE16815315008EEF83 /* depthmap.vert */; };
		5AA8D9C11681543A008EEF83 /* depthmap.frag in Resources */ = {isa = PBXBuildFile; fileRef = 5AA8D9BD16815315008EEF83 /* depthmap.frag */; };
		5AA8D9C21681543C008EEF83 /* depthmap.vert in Resources */ = {isa = PBXBuildFile; fileRef = 5AA8D9BE16815315008EEF83 /* depthmap.vert */; };
		5AA8D9C5168155E6008EEF83 /* outline.frag in Sources */ = {isa = PBXBuildFile; fileRef = 5AA8D9C3168155E6008EEF83 /* outline.frag */; };
		5AA8D9C8168156CA008EEF83 /* outline.frag in Resources */ = {isa = PBXBuildFile; fileRef = 5AA8D9C3168155E6008EEF83 /* outline.frag */; };
		5AA8D9CF1682302C008EEF83 /* ssao.frag in Sources */ = {isa = PBXBuildFile; fileRef = 5AA8D9CD1682302C008EEF83 /* ssao.frag */; };
		5AA8D9D216823032008EEF83 /* ssao.frag in Resources */ = {isa = PBXBuildFile; fileRef = 5AA8D9CD1682302C008EEF83 /* ssao.frag */; };
		5AA8D9D516829227008EEF83 /* toon.frag in Sources */ = {isa = PBXBuildFile; fileRef = 5AA8D9D316829227008EEF83 /* toon.frag */; };
		5AA8D9D616829227008EEF83 /* passthru.vert in Sources */ = {isa = PBXBuildFile; fileRef = 5AA8D9D416829227008EEF83 /* passthru.vert */; };
		5AA8D9D716829233008EEF83 /* toon.frag in Resources */ = {isa = PBXBuildFile; fileRef = 5AA8D9D316829227008EEF83 /* toon.frag */; };
		5AA8D9D816829233008EEF83 /* passthru.vert in Resources */ = {isa = PBXBuildFile; fileRef = 5AA8D9D416829227008EEF83 /* passthru.vert */; };
		5AA8D9DA1682A933008EEF83 /* earth_sketch.png in Resources */ = {isa = PBXBuildFile; fileRef = 5AA8D9D91682A932008EEF83 /* earth_sketch.png */; };
		5AA8D9DC1682AE33008EEF83 /* passthru_post.vert in Sources */ = {isa = PBXBuildFile; fileRef = 5AA8D9DB1682AE33008EEF83 /* passthru_post.vert */; };
		5AA8D9DD1682AE37008EEF83 /* passthru_post.vert in Resources */ = {isa = PBXBuildFile; fileRef = 5AA8D9DB1682AE33008EEF83 /* passthru_post.vert */; };
		5AA8D9E01682AFEF008EEF83 /* wood_sketch.png in Resources */ = {isa = PBXBuildFile; fileRef = 5AA8D9DE1682AFEF008EEF83 /* wood_sketch.png */; };
		5AA8D9E11682AFEF008EEF83 /* wood.png in Resources */ = {isa = PBXBuildFile; fileRef = 5AA8D9DF1682AFEF008EEF83 /* wood.png */; };
		5AA8D9E31682BDC7008EEF83 /* sketch.frag in Resources */ = {isa = PBXBuildFile; fileRef = 5AA8D9E21682BD21008EEF83 /* sketch.frag */; };
		5AA8D9E51682C8DF008EEF83 /* paper.png in Resources */ = {isa = PBXBuildFile; fileRef = 5AA8D9E41682C8DF008EEF83 /* paper.png */; };
		5AA8D9EB168346E1008EEF83 /* SsaoDemo.cpp in Sources */ = {isa = PBXBuildFile; fileRef = 5AA8D9E9168346E1008EEF83 /* SsaoDemo.cpp */; };
		5AA8D9F116834ACB008EEF83 /* Demo.cpp in Sources */ = {isa = PBXBuildFile; fileRef = 5AA8D9EF16834ACB008EEF83 /* Demo.cpp */; };
		5AA8D9F416834E24008EEF83 /* Renderer.cpp in Sources */ = {isa = PBXBuildFile; fileRef = 5AA8D9F216834E24008EEF83 /* Renderer.cpp */; };
		5AA8D9F61683DEFD008EEF83 /* debug_depth.frag in Resources */ = {isa = PBXBuildFile; fileRef = 5AA8D9F51683DE4A008EEF83 /* debug_depth.frag */; };
		5AA8D9F91683E1FA008EEF83 /* ScatteringDemo.cpp in Sources */ = {isa = PBXBuildFile; fileRef = 5AA8D9F71683E1F9008EEF83 /* ScatteringDemo.cpp */; };
		5AA8D9FC1683E21C008EEF83 /* ToonDemo.cpp in Sources */ = {isa = PBXBuildFile; fileRef = 5AA8D9FA1683E21B008EEF83 /* ToonDemo.cpp */; };
		5AA8D9FE1683F6D2008EEF83 /* scatter.frag in Sources */ = {isa = PBXBuildFile; fileRef = 5AA8D9FD1683F6D2008EEF83 /* scatter.frag */; };
		5AA8D9FF1683F6D3008EEF83 /* scatter.frag in Resources */ = {isa = PBXBuildFile; fileRef = 5AA8D9FD1683F6D2008EEF83 /* scatter.frag */; };
		5AA8DA011683F722008EEF83 /* scatter.frag in Sources */ = {isa = PBXBuildFile; fileRef = 5AA8DA001683F722008EEF83 /* scatter.frag */; };
		8D11072F0486CEB800E47090 /* Cocoa.framework in Frameworks */ = {isa = PBXBuildFile; fileRef = 1058C7A1FEA54F0111CA2CBB /* Cocoa.framework */; };
/* End PBXBuildFile section */

/* Begin PBXFileReference section */
		0091D8F80E81B9330029341E /* OpenGL.framework */ = {isa = PBXFileReference; lastKnownFileType = wrapper.framework; name = OpenGL.framework; path = /System/Library/Frameworks/OpenGL.framework; sourceTree = "<absolute>"; };
		0097E3E40F3E9819005A4392 /* QuickTime.framework */ = {isa = PBXFileReference; lastKnownFileType = wrapper.framework; name = QuickTime.framework; path = /System/Library/Frameworks/QuickTime.framework; sourceTree = "<absolute>"; };
		00B784AF0FF439BC000DE1D7 /* Accelerate.framework */ = {isa = PBXFileReference; lastKnownFileType = wrapper.framework; name = Accelerate.framework; path = System/Library/Frameworks/Accelerate.framework; sourceTree = SDKROOT; };
		00B784B00FF439BC000DE1D7 /* AudioToolbox.framework */ = {isa = PBXFileReference; lastKnownFileType = wrapper.framework; name = AudioToolbox.framework; path = System/Library/Frameworks/AudioToolbox.framework; sourceTree = SDKROOT; };
		00B784B10FF439BC000DE1D7 /* AudioUnit.framework */ = {isa = PBXFileReference; lastKnownFileType = wrapper.framework; name = AudioUnit.framework; path = System/Library/Frameworks/AudioUnit.framework; sourceTree = SDKROOT; };
		00B784B20FF439BC000DE1D7 /* CoreAudio.framework */ = {isa = PBXFileReference; lastKnownFileType = wrapper.framework; name = CoreAudio.framework; path = System/Library/Frameworks/CoreAudio.framework; sourceTree = SDKROOT; };
		00BAE6590E7ED9C10018A608 /* EightBitApp.cpp */ = {isa = PBXFileReference; fileEncoding = 4; lastKnownFileType = sourcecode.cpp.cpp; name = EightBitApp.cpp; path = ../src/EightBitApp.cpp; sourceTree = SOURCE_ROOT; };
		00CCAF14116A9FEE008396D5 /* CinderApp.icns */ = {isa = PBXFileReference; lastKnownFileType = image.icns; path = CinderApp.icns; sourceTree = SOURCE_ROOT; };
		1058C7A1FEA54F0111CA2CBB /* Cocoa.framework */ = {isa = PBXFileReference; lastKnownFileType = wrapper.framework; name = Cocoa.framework; path = /System/Library/Frameworks/Cocoa.framework; sourceTree = "<absolute>"; };
		13E42FB307B3F0F600E4EEF1 /* CoreData.framework */ = {isa = PBXFileReference; lastKnownFileType = wrapper.framework; name = CoreData.framework; path = /System/Library/Frameworks/CoreData.framework; sourceTree = "<absolute>"; };
		29B97324FDCFA39411CA2CEA /* AppKit.framework */ = {isa = PBXFileReference; lastKnownFileType = wrapper.framework; name = AppKit.framework; path = /System/Library/Frameworks/AppKit.framework; sourceTree = "<absolute>"; };
		29B97325FDCFA39411CA2CEA /* Foundation.framework */ = {isa = PBXFileReference; lastKnownFileType = wrapper.framework; name = Foundation.framework; path = /System/Library/Frameworks/Foundation.framework; sourceTree = "<absolute>"; };
		32CA4F630368D1EE00C91783 /* RenderingDemos_Prefix.pch */ = {isa = PBXFileReference; fileEncoding = 4; lastKnownFileType = sourcecode.c.h; path = RenderingDemos_Prefix.pch; sourceTree = "<group>"; };
		5323E6B10EAFCA74003A9687 /* CoreVideo.framework */ = {isa = PBXFileReference; lastKnownFileType = wrapper.framework; name = CoreVideo.framework; path = /System/Library/Frameworks/CoreVideo.framework; sourceTree = "<absolute>"; };
		5323E6B50EAFCA7E003A9687 /* QTKit.framework */ = {isa = PBXFileReference; lastKnownFileType = wrapper.framework; name = QTKit.framework; path = /System/Library/Frameworks/QTKit.framework; sourceTree = "<absolute>"; };
		53E3CDFB0E86099300238D2B /* Carbon.framework */ = {isa = PBXFileReference; lastKnownFileType = wrapper.framework; name = Carbon.framework; path = /System/Library/Frameworks/Carbon.framework; sourceTree = "<absolute>"; };
		5AA8D9861680A7CE008EEF83 /* shader.frag */ = {isa = PBXFileReference; fileEncoding = 4; lastKnownFileType = sourcecode.glsl; name = shader.frag; path = ../resources/shader.frag; sourceTree = "<group>"; };
		5AA8D99B16813325008EEF83 /* earth.png */ = {isa = PBXFileReference; lastKnownFileType = image.png; name = earth.png; path = ../resources/earth.png; sourceTree = "<group>"; };
		5AA8D99D1681376F008EEF83 /* background.jpg */ = {isa = PBXFileReference; lastKnownFileType = image.jpeg; name = background.jpg; path = ../resources/background.jpg; sourceTree = "<group>"; };
		5AA8D9A31681491A008EEF83 /* Input.cpp */ = {isa = PBXFileReference; fileEncoding = 4; lastKnownFileType = sourcecode.cpp.cpp; name = Input.cpp; path = ../src/Input.cpp; sourceTree = "<group>"; };
		5AA8D9A41681491A008EEF83 /* Input.h */ = {isa = PBXFileReference; fileEncoding = 4; lastKnownFileType = sourcecode.c.h; name = Input.h; path = ../src/Input.h; sourceTree = "<group>"; };
		5AA8D9A71681491A008EEF83 /* Node.cpp */ = {isa = PBXFileReference; fileEncoding = 4; lastKnownFileType = sourcecode.cpp.cpp; name = Node.cpp; path = ../src/Node.cpp; sourceTree = "<group>"; };
		5AA8D9A81681491A008EEF83 /* Node.h */ = {isa = PBXFileReference; fileEncoding = 4; lastKnownFileType = sourcecode.c.h; name = Node.h; path = ../src/Node.h; sourceTree = "<group>"; };
		5AA8D9AF16814959008EEF83 /* Camera.cpp */ = {isa = PBXFileReference; fileEncoding = 4; lastKnownFileType = sourcecode.cpp.cpp; name = Camera.cpp; path = ../src/Camera.cpp; sourceTree = "<group>"; };
		5AA8D9B016814959008EEF83 /* Camera.h */ = {isa = PBXFileReference; fileEncoding = 4; lastKnownFileType = sourcecode.c.h; name = Camera.h; path = ../src/Camera.h; sourceTree = "<group>"; };
		5AA8D9B616814BB2008EEF83 /* EightBitApp.h */ = {isa = PBXFileReference; lastKnownFileType = sourcecode.c.h; name = EightBitApp.h; path = ../src/EightBitApp.h; sourceTree = "<group>"; };
		5AA8D9B716814F1F008EEF83 /* shader_lit.frag */ = {isa = PBXFileReference; fileEncoding = 4; lastKnownFileType = sourcecode.glsl; name = shader_lit.frag; path = ../resources/shader_lit.frag; sourceTree = "<group>"; };
		5AA8D9BD16815315008EEF83 /* depthmap.frag */ = {isa = PBXFileReference; fileEncoding = 4; lastKnownFileType = sourcecode.glsl; name = depthmap.frag; path = ../resources/depthmap.frag; sourceTree = "<group>"; };
		5AA8D9BE16815315008EEF83 /* depthmap.vert */ = {isa = PBXFileReference; fileEncoding = 4; lastKnownFileType = sourcecode.glsl; name = depthmap.vert; path = ../resources/depthmap.vert; sourceTree = "<group>"; };
		5AA8D9C3168155E6008EEF83 /* outline.frag */ = {isa = PBXFileReference; fileEncoding = 4; lastKnownFileType = sourcecode.glsl; name = outline.frag; path = ../resources/outline.frag; sourceTree = "<group>"; };
		5AA8D9CD1682302C008EEF83 /* ssao.frag */ = {isa = PBXFileReference; fileEncoding = 4; lastKnownFileType = sourcecode.glsl; name = ssao.frag; path = ../resources/ssao.frag; sourceTree = "<group>"; };
		5AA8D9D316829227008EEF83 /* toon.frag */ = {isa = PBXFileReference; fileEncoding = 4; lastKnownFileType = sourcecode.glsl; name = toon.frag; path = ../resources/toon.frag; sourceTree = "<group>"; };
		5AA8D9D416829227008EEF83 /* passthru.vert */ = {isa = PBXFileReference; fileEncoding = 4; lastKnownFileType = sourcecode.glsl; name = passthru.vert; path = ../resources/passthru.vert; sourceTree = "<group>"; };
		5AA8D9D91682A932008EEF83 /* earth_sketch.png */ = {isa = PBXFileReference; lastKnownFileType = image.png; name = earth_sketch.png; path = ../resources/earth_sketch.png; sourceTree = "<group>"; };
		5AA8D9DB1682AE33008EEF83 /* passthru_post.vert */ = {isa = PBXFileReference; fileEncoding = 4; lastKnownFileType = sourcecode.glsl; name = passthru_post.vert; path = ../resources/passthru_post.vert; sourceTree = "<group>"; };
		5AA8D9DE1682AFEF008EEF83 /* wood_sketch.png */ = {isa = PBXFileReference; lastKnownFileType = image.png; name = wood_sketch.png; path = ../resources/wood_sketch.png; sourceTree = "<group>"; };
		5AA8D9DF1682AFEF008EEF83 /* wood.png */ = {isa = PBXFileReference; lastKnownFileType = image.png; name = wood.png; path = ../resources/wood.png; sourceTree = "<group>"; };
		5AA8D9E21682BD21008EEF83 /* sketch.frag */ = {isa = PBXFileReference; lastKnownFileType = sourcecode.glsl; path = sketch.frag; sourceTree = "<group>"; };
		5AA8D9E41682C8DF008EEF83 /* paper.png */ = {isa = PBXFileReference; lastKnownFileType = image.png; name = paper.png; path = ../resources/paper.png; sourceTree = "<group>"; };
		5AA8D9E9168346E1008EEF83 /* SsaoDemo.cpp */ = {isa = PBXFileReference; fileEncoding = 4; lastKnownFileType = sourcecode.cpp.cpp; name = SsaoDemo.cpp; path = ../src/SsaoDemo.cpp; sourceTree = "<group>"; };
		5AA8D9EA168346E1008EEF83 /* SsaoDemo.h */ = {isa = PBXFileReference; fileEncoding = 4; lastKnownFileType = sourcecode.c.h; name = SsaoDemo.h; path = ../src/SsaoDemo.h; sourceTree = "<group>"; };
		5AA8D9EF16834ACB008EEF83 /* Demo.cpp */ = {isa = PBXFileReference; fileEncoding = 4; lastKnownFileType = sourcecode.cpp.cpp; name = Demo.cpp; path = ../src/Demo.cpp; sourceTree = "<group>"; };
		5AA8D9F016834ACB008EEF83 /* Demo.h */ = {isa = PBXFileReference; fileEncoding = 4; lastKnownFileType = sourcecode.c.h; name = Demo.h; path = ../src/Demo.h; sourceTree = "<group>"; };
		5AA8D9F216834E24008EEF83 /* Renderer.cpp */ = {isa = PBXFileReference; fileEncoding = 4; lastKnownFileType = sourcecode.cpp.cpp; name = Renderer.cpp; path = ../src/Renderer.cpp; sourceTree = "<group>"; };
		5AA8D9F316834E24008EEF83 /* Renderer.h */ = {isa = PBXFileReference; fileEncoding = 4; lastKnownFileType = sourcecode.c.h; name = Renderer.h; path = ../src/Renderer.h; sourceTree = "<group>"; };
		5AA8D9F51683DE4A008EEF83 /* debug_depth.frag */ = {isa = PBXFileReference; lastKnownFileType = sourcecode.glsl; path = debug_depth.frag; sourceTree = "<group>"; };
		5AA8D9F71683E1F9008EEF83 /* ScatteringDemo.cpp */ = {isa = PBXFileReference; fileEncoding = 4; lastKnownFileType = sourcecode.cpp.cpp; name = ScatteringDemo.cpp; path = ../src/ScatteringDemo.cpp; sourceTree = "<group>"; };
		5AA8D9F81683E1F9008EEF83 /* ScatteringDemo.h */ = {isa = PBXFileReference; fileEncoding = 4; lastKnownFileType = sourcecode.c.h; name = ScatteringDemo.h; path = ../src/ScatteringDemo.h; sourceTree = "<group>"; };
		5AA8D9FA1683E21B008EEF83 /* ToonDemo.cpp */ = {isa = PBXFileReference; fileEncoding = 4; lastKnownFileType = sourcecode.cpp.cpp; name = ToonDemo.cpp; path = ../src/ToonDemo.cpp; sourceTree = "<group>"; };
		5AA8D9FB1683E21C008EEF83 /* ToonDemo.h */ = {isa = PBXFileReference; fileEncoding = 4; lastKnownFileType = sourcecode.c.h; name = ToonDemo.h; path = ../src/ToonDemo.h; sourceTree = "<group>"; };
		5AA8D9FD1683F6D2008EEF83 /* scatter.frag */ = {isa = PBXFileReference; fileEncoding = 4; lastKnownFileType = sourcecode.glsl; name = scatter.frag; path = ../resources/scatter.frag; sourceTree = "<group>"; };
		5AA8DA001683F722008EEF83 /* scatter.frag */ = {isa = PBXFileReference; fileEncoding = 4; lastKnownFileType = sourcecode.glsl; name = scatter.frag; path = ../resources/scatter.frag; sourceTree = "<group>"; };
		8D1107310486CEB800E47090 /* Info.plist */ = {isa = PBXFileReference; fileEncoding = 4; lastKnownFileType = text.plist.xml; path = Info.plist; sourceTree = "<group>"; };
		8D1107320486CEB800E47090 /* RenderingDemos.app */ = {isa = PBXFileReference; explicitFileType = wrapper.application; includeInIndex = 0; path = RenderingDemos.app; sourceTree = BUILT_PRODUCTS_DIR; };
/* End PBXFileReference section */

/* Begin PBXFrameworksBuildPhase section */
		8D11072E0486CEB800E47090 /* Frameworks */ = {
			isa = PBXFrameworksBuildPhase;
			buildActionMask = 2147483647;
			files = (
				8D11072F0486CEB800E47090 /* Cocoa.framework in Frameworks */,
				0091D8F90E81B9330029341E /* OpenGL.framework in Frameworks */,
				53E3CDFC0E86099300238D2B /* Carbon.framework in Frameworks */,
				5323E6B20EAFCA74003A9687 /* CoreVideo.framework in Frameworks */,
				5323E6B60EAFCA7E003A9687 /* QTKit.framework in Frameworks */,
				0097E3E50F3E9819005A4392 /* QuickTime.framework in Frameworks */,
				00B784B30FF439BC000DE1D7 /* Accelerate.framework in Frameworks */,
				00B784B40FF439BC000DE1D7 /* AudioToolbox.framework in Frameworks */,
				00B784B50FF439BC000DE1D7 /* AudioUnit.framework in Frameworks */,
				00B784B60FF439BC000DE1D7 /* CoreAudio.framework in Frameworks */,
			);
			runOnlyForDeploymentPostprocessing = 0;
		};
/* End PBXFrameworksBuildPhase section */

/* Begin PBXGroup section */
		080E96DDFE201D6D7F000001 /* Source */ = {
			isa = PBXGroup;
			children = (
				5AA8D9B616814BB2008EEF83 /* EightBitApp.h */,
				00BAE6590E7ED9C10018A608 /* EightBitApp.cpp */,
				5AA8D9AF16814959008EEF83 /* Camera.cpp */,
				5AA8D9B016814959008EEF83 /* Camera.h */,
				5AA8D9A31681491A008EEF83 /* Input.cpp */,
				5AA8D9A41681491A008EEF83 /* Input.h */,
				5AA8D9A71681491A008EEF83 /* Node.cpp */,
				5AA8D9A81681491A008EEF83 /* Node.h */,
				5AA8D9EF16834ACB008EEF83 /* Demo.cpp */,
				5AA8D9F016834ACB008EEF83 /* Demo.h */,
				5AA8D9F216834E24008EEF83 /* Renderer.cpp */,
				5AA8D9F316834E24008EEF83 /* Renderer.h */,
				5AA8D9E9168346E1008EEF83 /* SsaoDemo.cpp */,
				5AA8D9EA168346E1008EEF83 /* SsaoDemo.h */,
				5AA8D9F71683E1F9008EEF83 /* ScatteringDemo.cpp */,
				5AA8D9F81683E1F9008EEF83 /* ScatteringDemo.h */,
				5AA8D9FA1683E21B008EEF83 /* ToonDemo.cpp */,
				5AA8D9FB1683E21C008EEF83 /* ToonDemo.h */,
			);
			name = Source;
			sourceTree = "<group>";
		};
		1058C7A0FEA54F0111CA2CBB /* Linked Frameworks */ = {
			isa = PBXGroup;
			children = (
				00B784AF0FF439BC000DE1D7 /* Accelerate.framework */,
				00B784B00FF439BC000DE1D7 /* AudioToolbox.framework */,
				00B784B10FF439BC000DE1D7 /* AudioUnit.framework */,
				00B784B20FF439BC000DE1D7 /* CoreAudio.framework */,
				0097E3E40F3E9819005A4392 /* QuickTime.framework */,
				5323E6B50EAFCA7E003A9687 /* QTKit.framework */,
				5323E6B10EAFCA74003A9687 /* CoreVideo.framework */,
				53E3CDFB0E86099300238D2B /* Carbon.framework */,
				0091D8F80E81B9330029341E /* OpenGL.framework */,
				1058C7A1FEA54F0111CA2CBB /* Cocoa.framework */,
			);
			name = "Linked Frameworks";
			sourceTree = "<group>";
		};
		1058C7A2FEA54F0111CA2CBB /* Other Frameworks */ = {
			isa = PBXGroup;
			children = (
				29B97324FDCFA39411CA2CEA /* AppKit.framework */,
				13E42FB307B3F0F600E4EEF1 /* CoreData.framework */,
				29B97325FDCFA39411CA2CEA /* Foundation.framework */,
			);
			name = "Other Frameworks";
			sourceTree = "<group>";
		};
		19C28FACFE9D520D11CA2CBB /* Products */ = {
			isa = PBXGroup;
			children = (
				8D1107320486CEB800E47090 /* RenderingDemos.app */,
			);
			name = Products;
			sourceTree = "<group>";
		};
		29B97314FDCFA39411CA2CEA /* EightBit */ = {
			isa = PBXGroup;
			children = (
				29B97315FDCFA39411CA2CEA /* Headers */,
				080E96DDFE201D6D7F000001 /* Source */,
				29B97317FDCFA39411CA2CEA /* Resources */,
				29B97323FDCFA39411CA2CEA /* Frameworks */,
				19C28FACFE9D520D11CA2CBB /* Products */,
			);
			name = EightBit;
			sourceTree = "<group>";
		};
		29B97315FDCFA39411CA2CEA /* Headers */ = {
			isa = PBXGroup;
			children = (
				32CA4F630368D1EE00C91783 /* RenderingDemos_Prefix.pch */,
			);
			name = Headers;
			sourceTree = "<group>";
		};
		29B97317FDCFA39411CA2CEA /* Resources */ = {
			isa = PBXGroup;
			children = (
				5AA8D9FD1683F6D2008EEF83 /* scatter.frag */,
				5AA8D9D316829227008EEF83 /* toon.frag */,
				5AA8D9DB1682AE33008EEF83 /* passthru_post.vert */,
				5AA8D9D416829227008EEF83 /* passthru.vert */,
				5AA8D9B716814F1F008EEF83 /* shader_lit.frag */,
				5AA8D9861680A7CE008EEF83 /* shader.frag */,
				5AA8D9BD16815315008EEF83 /* depthmap.frag */,
				5AA8D9BE16815315008EEF83 /* depthmap.vert */,
				5AA8D9C3168155E6008EEF83 /* outline.frag */,
				5AA8D9F51683DE4A008EEF83 /* debug_depth.frag */,
				5AA8D9CD1682302C008EEF83 /* ssao.frag */,
				5AA8D9E21682BD21008EEF83 /* sketch.frag */,
				5AA8DA001683F722008EEF83 /* scatter.frag */,
				5AA8D9E41682C8DF008EEF83 /* paper.png */,
				5AA8D99B16813325008EEF83 /* earth.png */,
				5AA8D9D91682A932008EEF83 /* earth_sketch.png */,
				5AA8D9DE1682AFEF008EEF83 /* wood_sketch.png */,
				5AA8D9DF1682AFEF008EEF83 /* wood.png */,
				5AA8D99D1681376F008EEF83 /* background.jpg */,
				8D1107310486CEB800E47090 /* Info.plist */,
				00CCAF14116A9FEE008396D5 /* CinderApp.icns */,
			);
			name = Resources;
			sourceTree = "<group>";
		};
		29B97323FDCFA39411CA2CEA /* Frameworks */ = {
			isa = PBXGroup;
			children = (
				1058C7A0FEA54F0111CA2CBB /* Linked Frameworks */,
				1058C7A2FEA54F0111CA2CBB /* Other Frameworks */,
			);
			name = Frameworks;
			sourceTree = "<group>";
		};
/* End PBXGroup section */

/* Begin PBXNativeTarget section */
		8D1107260486CEB800E47090 /* RenderingDemos */ = {
			isa = PBXNativeTarget;
			buildConfigurationList = C01FCF4A08A954540054247B /* Build configuration list for PBXNativeTarget "RenderingDemos" */;
			buildPhases = (
				8D1107290486CEB800E47090 /* Resources */,
				8D11072C0486CEB800E47090 /* Sources */,
				8D11072E0486CEB800E47090 /* Frameworks */,
			);
			buildRules = (
			);
			dependencies = (
			);
			name = RenderingDemos;
			productInstallPath = "$(HOME)/Applications";
			productName = EightBit;
			productReference = 8D1107320486CEB800E47090 /* RenderingDemos.app */;
			productType = "com.apple.product-type.application";
		};
/* End PBXNativeTarget section */

/* Begin PBXProject section */
		29B97313FDCFA39411CA2CEA /* Project object */ = {
			isa = PBXProject;
			buildConfigurationList = C01FCF4E08A954540054247B /* Build configuration list for PBXProject "RenderingDemos" */;
			compatibilityVersion = "Xcode 3.0";
			developmentRegion = English;
			hasScannedForEncodings = 1;
			knownRegions = (
				en,
			);
			mainGroup = 29B97314FDCFA39411CA2CEA /* EightBit */;
			projectDirPath = "";
			projectRoot = "";
			targets = (
				8D1107260486CEB800E47090 /* RenderingDemos */,
			);
		};
/* End PBXProject section */

/* Begin PBXResourcesBuildPhase section */
		8D1107290486CEB800E47090 /* Resources */ = {
			isa = PBXResourcesBuildPhase;
			buildActionMask = 2147483647;
			files = (
				00CCAF15116A9FEE008396D5 /* CinderApp.icns in Resources */,
				5AA8D98B1680A7DE008EEF83 /* shader.frag in Resources */,
				5AA8D9C11681543A008EEF83 /* depthmap.frag in Resources */,
				5AA8D9C21681543C008EEF83 /* depthmap.vert in Resources */,
				5AA8D9C8168156CA008EEF83 /* outline.frag in Resources */,
				5AA8D9BB16814F94008EEF83 /* shader_lit.frag in Resources */,
				5AA8D9D216823032008EEF83 /* ssao.frag in Resources */,
				5AA8D9D716829233008EEF83 /* toon.frag in Resources */,
				5AA8D9DD1682AE37008EEF83 /* passthru_post.vert in Resources */,
				5AA8D9D816829233008EEF83 /* passthru.vert in Resources */,
				5AA8D9F61683DEFD008EEF83 /* debug_depth.frag in Resources */,
				5AA8D99C16813325008EEF83 /* earth.png in Resources */,
				5AA8D9E31682BDC7008EEF83 /* sketch.frag in Resources */,
				5AA8D99E1681376F008EEF83 /* background.jpg in Resources */,
				5AA8D9FF1683F6D3008EEF83 /* scatter.frag in Resources */,
				5AA8D9DA1682A933008EEF83 /* earth_sketch.png in Resources */,
				5AA8D9E01682AFEF008EEF83 /* wood_sketch.png in Resources */,
				5AA8D9E11682AFEF008EEF83 /* wood.png in Resources */,
				5AA8D9E51682C8DF008EEF83 /* paper.png in Resources */,
			);
			runOnlyForDeploymentPostprocessing = 0;
		};
/* End PBXResourcesBuildPhase section */

/* Begin PBXSourcesBuildPhase section */
		8D11072C0486CEB800E47090 /* Sources */ = {
			isa = PBXSourcesBuildPhase;
			buildActionMask = 2147483647;
			files = (
				00BAE65A0E7ED9C10018A608 /* EightBitApp.cpp in Sources */,
				5AA8D9881680A7CE008EEF83 /* shader.frag in Sources */,
				5AA8D9AB1681491A008EEF83 /* Input.cpp in Sources */,
				5AA8D9AD1681491A008EEF83 /* Node.cpp in Sources */,
				5AA8D9B116814959008EEF83 /* Camera.cpp in Sources */,
				5AA8D9B916814F1F008EEF83 /* shader_lit.frag in Sources */,
				5AA8D9BF16815315008EEF83 /* depthmap.frag in Sources */,
				5AA8D9C016815315008EEF83 /* depthmap.vert in Sources */,
				5AA8D9C5168155E6008EEF83 /* outline.frag in Sources */,
				5AA8D9CF1682302C008EEF83 /* ssao.frag in Sources */,
				5AA8D9D516829227008EEF83 /* toon.frag in Sources */,
				5AA8D9D616829227008EEF83 /* passthru.vert in Sources */,
				5AA8D9DC1682AE33008EEF83 /* passthru_post.vert in Sources */,
				5AA8D9EB168346E1008EEF83 /* SsaoDemo.cpp in Sources */,
				5AA8D9F116834ACB008EEF83 /* Demo.cpp in Sources */,
				5AA8D9F416834E24008EEF83 /* Renderer.cpp in Sources */,
				5AA8D9F91683E1FA008EEF83 /* ScatteringDemo.cpp in Sources */,
				5AA8D9FC1683E21C008EEF83 /* ToonDemo.cpp in Sources */,
				5AA8D9FE1683F6D2008EEF83 /* scatter.frag in Sources */,
				5AA8DA011683F722008EEF83 /* scatter.frag in Sources */,
			);
			runOnlyForDeploymentPostprocessing = 0;
		};
/* End PBXSourcesBuildPhase section */

/* Begin XCBuildConfiguration section */
		C01FCF4B08A954540054247B /* Debug */ = {
			isa = XCBuildConfiguration;
			buildSettings = {
				CINDER_PATH = ../../../cinder;
				COPY_PHASE_STRIP = NO;
				GCC_DYNAMIC_NO_PIC = NO;
				GCC_ENABLE_FIX_AND_CONTINUE = YES;
				GCC_INLINES_ARE_PRIVATE_EXTERN = NO;
				GCC_MODEL_TUNING = G5;
				GCC_OPTIMIZATION_LEVEL = 0;
				GCC_PRECOMPILE_PREFIX_HEADER = YES;
				GCC_PREFIX_HEADER = RenderingDemos_Prefix.pch;
				GCC_SYMBOLS_PRIVATE_EXTERN = NO;
				INFOPLIST_FILE = Info.plist;
				INSTALL_PATH = "$(HOME)/Applications";
				OTHER_LDFLAGS = (
					"\"$(CINDER_PATH)/lib/libcinder_d.a\"",
					"-lcurl",
				);
				PRODUCT_NAME = RenderingDemos;
				SDKROOT = macosx;
				SYMROOT = ./build;
				WRAPPER_EXTENSION = app;
			};
			name = Debug;
		};
		C01FCF4C08A954540054247B /* Release */ = {
			isa = XCBuildConfiguration;
			buildSettings = {
				CINDER_PATH = ../../../cinder;
				DEAD_CODE_STRIPPING = YES;
				DEBUG_INFORMATION_FORMAT = "dwarf-with-dsym";
				GCC_FAST_MATH = YES;
				GCC_GENERATE_DEBUGGING_SYMBOLS = NO;
				GCC_INLINES_ARE_PRIVATE_EXTERN = NO;
				GCC_MODEL_TUNING = G5;
				GCC_OPTIMIZATION_LEVEL = 3;
				GCC_PRECOMPILE_PREFIX_HEADER = YES;
				GCC_PREFIX_HEADER = RenderingDemos_Prefix.pch;
				GCC_SYMBOLS_PRIVATE_EXTERN = NO;
				INFOPLIST_FILE = Info.plist;
				INSTALL_PATH = "$(HOME)/Applications";
				OTHER_LDFLAGS = (
					"\"$(CINDER_PATH)/lib/libcinder.a\"",
					"-lcurl",
				);
				PRODUCT_NAME = RenderingDemos;
				SDKROOT = macosx;
				STRIP_INSTALLED_PRODUCT = YES;
				SYMROOT = ./build;
				WRAPPER_EXTENSION = app;
			};
			name = Release;
		};
		C01FCF4F08A954540054247B /* Debug */ = {
			isa = XCBuildConfiguration;
			buildSettings = {
				ALWAYS_SEARCH_USER_PATHS = NO;
				ARCHS = i386;
				CINDER_PATH = ../../cinder;
				GCC_WARN_ABOUT_RETURN_TYPE = YES;
				GCC_WARN_UNUSED_VARIABLE = YES;
				HEADER_SEARCH_PATHS = "\"$(CINDER_PATH)/boost\"";
				MACOSX_DEPLOYMENT_TARGET = 10.5;
				PREBINDING = NO;
				SDKROOT = "$(DEVELOPER_SDK_DIR)/MacOSX10.6.sdk";
				USER_HEADER_SEARCH_PATHS = "\"$(CINDER_PATH)/include\" ../include";
			};
			name = Debug;
		};
		C01FCF5008A954540054247B /* Release */ = {
			isa = XCBuildConfiguration;
			buildSettings = {
				ALWAYS_SEARCH_USER_PATHS = NO;
				ARCHS = i386;
				CINDER_PATH = ../../cinder;
				GCC_WARN_ABOUT_RETURN_TYPE = YES;
				GCC_WARN_UNUSED_VARIABLE = YES;
				HEADER_SEARCH_PATHS = "\"$(CINDER_PATH)/boost\"";
				MACOSX_DEPLOYMENT_TARGET = 10.5;
				PREBINDING = NO;
				SDKROOT = "$(DEVELOPER_SDK_DIR)/MacOSX10.6.sdk";
				USER_HEADER_SEARCH_PATHS = "\"$(CINDER_PATH)/include\" ../include";
			};
			name = Release;
		};
/* End XCBuildConfiguration section */

/* Begin XCConfigurationList section */
		C01FCF4A08A954540054247B /* Build configuration list for PBXNativeTarget "RenderingDemos" */ = {
			isa = XCConfigurationList;
			buildConfigurations = (
				C01FCF4B08A954540054247B /* Debug */,
				C01FCF4C08A954540054247B /* Release */,
			);
			defaultConfigurationIsVisible = 0;
			defaultConfigurationName = Release;
		};
		C01FCF4E08A954540054247B /* Build configuration list for PBXProject "RenderingDemos" */ = {
			isa = XCConfigurationList;
			buildConfigurations = (
				C01FCF4F08A954540054247B /* Debug */,
				C01FCF5008A954540054247B /* Release */,
			);
			defaultConfigurationIsVisible = 0;
			defaultConfigurationName = Release;
		};
/* End XCConfigurationList section */
	};
	rootObject = 29B97313FDCFA39411CA2CEA /* Project object */;
}
